
Microsoft Visual Studio Solution File, Format Version 12.00
# Visual Studio 15
VisualStudioVersion = 15.0.26430.6
MinimumVisualStudioVersion = 10.0.40219.1
Project("{8BC9CEB8-8B4A-11D0-8D11-00A0C91BC942}") = "PartiKillburnLib", "PartiKillburnLib\PartiKillburnLib.vcxproj", "{3433546B-8BF1-478B-8A35-B78A9415B6D4}"
	ProjectSection(ProjectDependencies) = postProject
		{1AE4E979-0D35-4747-BF8E-DD60358F49DB} = {1AE4E979-0D35-4747-BF8E-DD60358F49DB}
	EndProjectSection
EndProject
Project("{8BC9CEB8-8B4A-11D0-8D11-00A0C91BC942}") = "PartiKillburnTests", "PartiKillburnTests\PartiKillburnTests.vcxproj", "{B2611188-0C2D-4AE6-85AE-71761EB81865}"
	ProjectSection(ProjectDependencies) = postProject
		{3433546B-8BF1-478B-8A35-B78A9415B6D4} = {3433546B-8BF1-478B-8A35-B78A9415B6D4}
		{1AE4E979-0D35-4747-BF8E-DD60358F49DB} = {1AE4E979-0D35-4747-BF8E-DD60358F49DB}
	EndProjectSection
EndProject
Project("{8BC9CEB8-8B4A-11D0-8D11-00A0C91BC942}") = "PartiKillburn", "PartiKillburn\PartiKillburn.vcxproj", "{30519052-106B-4DC1-9220-EEBD13823C7E}"
	ProjectSection(ProjectDependencies) = postProject
		{3433546B-8BF1-478B-8A35-B78A9415B6D4} = {3433546B-8BF1-478B-8A35-B78A9415B6D4}
		{1AE4E979-0D35-4747-BF8E-DD60358F49DB} = {1AE4E979-0D35-4747-BF8E-DD60358F49DB}
	EndProjectSection
EndProject
Project("{8BC9CEB8-8B4A-11D0-8D11-00A0C91BC942}") = "freeglut", "freeglut-2.8.1\VisualStudio\2012\freeglut.vcxproj", "{1AE4E979-0D35-4747-BF8E-DD60358F49DB}"
EndProject
Global
	GlobalSection(SolutionConfigurationPlatforms) = preSolution
		Debug_Static|x64 = Debug_Static|x64
		Debug_Static|x86 = Debug_Static|x86
		Debug|x64 = Debug|x64
		Debug|x86 = Debug|x86
		Release_Static|x64 = Release_Static|x64
		Release_Static|x86 = Release_Static|x86
		Release|x64 = Release|x64
		Release|x86 = Release|x86
	EndGlobalSection
	GlobalSection(ProjectConfigurationPlatforms) = postSolution
		{3433546B-8BF1-478B-8A35-B78A9415B6D4}.Debug_Static|x64.ActiveCfg = Debug|x64
		{3433546B-8BF1-478B-8A35-B78A9415B6D4}.Debug_Static|x64.Build.0 = Debug|x64
		{3433546B-8BF1-478B-8A35-B78A9415B6D4}.Debug_Static|x86.ActiveCfg = Debug|Win32
		{3433546B-8BF1-478B-8A35-B78A9415B6D4}.Debug_Static|x86.Build.0 = Debug|Win32
		{3433546B-8BF1-478B-8A35-B78A9415B6D4}.Debug|x64.ActiveCfg = Debug|x64
		{3433546B-8BF1-478B-8A35-B78A9415B6D4}.Debug|x64.Build.0 = Debug|x64
		{3433546B-8BF1-478B-8A35-B78A9415B6D4}.Debug|x86.ActiveCfg = Debug|Win32
		{3433546B-8BF1-478B-8A35-B78A9415B6D4}.Debug|x86.Build.0 = Debug|Win32
		{3433546B-8BF1-478B-8A35-B78A9415B6D4}.Release_Static|x64.ActiveCfg = Release|x64
		{3433546B-8BF1-478B-8A35-B78A9415B6D4}.Release_Static|x64.Build.0 = Release|x64
		{3433546B-8BF1-478B-8A35-B78A9415B6D4}.Release_Static|x86.ActiveCfg = Release|Win32
		{3433546B-8BF1-478B-8A35-B78A9415B6D4}.Release_Static|x86.Build.0 = Release|Win32
		{3433546B-8BF1-478B-8A35-B78A9415B6D4}.Release|x64.ActiveCfg = Release|x64
		{3433546B-8BF1-478B-8A35-B78A9415B6D4}.Release|x64.Build.0 = Release|x64
		{3433546B-8BF1-478B-8A35-B78A9415B6D4}.Release|x86.ActiveCfg = Release|Win32
		{3433546B-8BF1-478B-8A35-B78A9415B6D4}.Release|x86.Build.0 = Release|Win32
		{B2611188-0C2D-4AE6-85AE-71761EB81865}.Debug_Static|x64.ActiveCfg = Debug|x64
		{B2611188-0C2D-4AE6-85AE-71761EB81865}.Debug_Static|x64.Build.0 = Debug|x64
		{B2611188-0C2D-4AE6-85AE-71761EB81865}.Debug_Static|x86.ActiveCfg = Debug|Win32
		{B2611188-0C2D-4AE6-85AE-71761EB81865}.Debug_Static|x86.Build.0 = Debug|Win32
		{B2611188-0C2D-4AE6-85AE-71761EB81865}.Debug|x64.ActiveCfg = Debug|x64
		{B2611188-0C2D-4AE6-85AE-71761EB81865}.Debug|x64.Build.0 = Debug|x64
		{B2611188-0C2D-4AE6-85AE-71761EB81865}.Debug|x86.ActiveCfg = Debug|Win32
		{B2611188-0C2D-4AE6-85AE-71761EB81865}.Debug|x86.Build.0 = Debug|Win32
		{B2611188-0C2D-4AE6-85AE-71761EB81865}.Release_Static|x64.ActiveCfg = Release|x64
		{B2611188-0C2D-4AE6-85AE-71761EB81865}.Release_Static|x64.Build.0 = Release|x64
		{B2611188-0C2D-4AE6-85AE-71761EB81865}.Release_Static|x86.ActiveCfg = Release|Win32
		{B2611188-0C2D-4AE6-85AE-71761EB81865}.Release_Static|x86.Build.0 = Release|Win32
		{B2611188-0C2D-4AE6-85AE-71761EB81865}.Release|x64.ActiveCfg = Release|x64
		{B2611188-0C2D-4AE6-85AE-71761EB81865}.Release|x64.Build.0 = Release|x64
		{B2611188-0C2D-4AE6-85AE-71761EB81865}.Release|x86.ActiveCfg = Release|Win32
		{B2611188-0C2D-4AE6-85AE-71761EB81865}.Release|x86.Build.0 = Release|Win32
		{30519052-106B-4DC1-9220-EEBD13823C7E}.Debug_Static|x64.ActiveCfg = Debug|x64
		{30519052-106B-4DC1-9220-EEBD13823C7E}.Debug_Static|x64.Build.0 = Debug|x64
		{30519052-106B-4DC1-9220-EEBD13823C7E}.Debug_Static|x86.ActiveCfg = Debug|Win32
		{30519052-106B-4DC1-9220-EEBD13823C7E}.Debug_Static|x86.Build.0 = Debug|Win32
		{30519052-106B-4DC1-9220-EEBD13823C7E}.Debug|x64.ActiveCfg = Debug|x64
		{30519052-106B-4DC1-9220-EEBD13823C7E}.Debug|x64.Build.0 = Debug|x64
		{30519052-106B-4DC1-9220-EEBD13823C7E}.Debug|x86.ActiveCfg = Debug|Win32
		{30519052-106B-4DC1-9220-EEBD13823C7E}.Debug|x86.Build.0 = Debug|Win32
		{30519052-106B-4DC1-9220-EEBD13823C7E}.Release_Static|x64.ActiveCfg = Release|x64
		{30519052-106B-4DC1-9220-EEBD13823C7E}.Release_Static|x64.Build.0 = Release|x64
		{30519052-106B-4DC1-9220-EEBD13823C7E}.Release_Static|x86.ActiveCfg = Release|Win32
		{30519052-106B-4DC1-9220-EEBD13823C7E}.Release_Static|x86.Build.0 = Release|Win32
		{30519052-106B-4DC1-9220-EEBD13823C7E}.Release|x64.ActiveCfg = Release|x64
		{30519052-106B-4DC1-9220-EEBD13823C7E}.Release|x64.Build.0 = Release|x64
		{30519052-106B-4DC1-9220-EEBD13823C7E}.Release|x86.ActiveCfg = Release|Win32
		{30519052-106B-4DC1-9220-EEBD13823C7E}.Release|x86.Build.0 = Release|Win32
		{1AE4E979-0D35-4747-BF8E-DD60358F49DB}.Debug_Static|x64.ActiveCfg = Debug_Static|x64
		{1AE4E979-0D35-4747-BF8E-DD60358F49DB}.Debug_Static|x64.Build.0 = Debug_Static|x64
		{1AE4E979-0D35-4747-BF8E-DD60358F49DB}.Debug_Static|x86.ActiveCfg = Debug_Static|Win32
		{1AE4E979-0D35-4747-BF8E-DD60358F49DB}.Debug_Static|x86.Build.0 = Debug_Static|Win32
		{1AE4E979-0D35-4747-BF8E-DD60358F49DB}.Debug|x64.ActiveCfg = Debug|x64
		{1AE4E979-0D35-4747-BF8E-DD60358F49DB}.Debug|x64.Build.0 = Debug|x64
		{1AE4E979-0D35-4747-BF8E-DD60358F49DB}.Debug|x86.ActiveCfg = Debug|Win32
		{1AE4E979-0D35-4747-BF8E-DD60358F49DB}.Debug|x86.Build.0 = Debug|Win32
		{1AE4E979-0D35-4747-BF8E-DD60358F49DB}.Release_Static|x64.ActiveCfg = Release_Static|x64
		{1AE4E979-0D35-4747-BF8E-DD60358F49DB}.Release_Static|x64.Build.0 = Release_Static|x64
		{1AE4E979-0D35-4747-BF8E-DD60358F49DB}.Release_Static|x86.ActiveCfg = Release_Static|Win32
		{1AE4E979-0D35-4747-BF8E-DD60358F49DB}.Release_Static|x86.Build.0 = Release_Static|Win32
		{1AE4E979-0D35-4747-BF8E-DD60358F49DB}.Release|x64.ActiveCfg = Release|x64
		{1AE4E979-0D35-4747-BF8E-DD60358F49DB}.Release|x64.Build.0 = Release|x64
		{1AE4E979-0D35-4747-BF8E-DD60358F49DB}.Release|x86.ActiveCfg = Release|Win32
		{1AE4E979-0D35-4747-BF8E-DD60358F49DB}.Release|x86.Build.0 = Release|Win32
	EndGlobalSection
	GlobalSection(SolutionProperties) = preSolution
		HideSolutionNode = FALSE
	EndGlobalSection
EndGlobal
